
Microsoft Visual Studio Solution File, Format Version 12.00
# Visual Studio Version 17
VisualStudioVersion = 17.11.35327.3
MinimumVisualStudioVersion = 10.0.40219.1
Project("{FAE04EC0-301F-11D3-BF4B-00C04F79EFBC}") = "CardGAme", "CardGAme\CardGAme.csproj", "{F92ABC85-52FE-48DB-8269-9BA74EC76D87}"
EndProject
Global
	GlobalSection(SolutionConfigurationPlatforms) = preSolution
		Debug|Any CPU = Debug|Any CPU
		Release|Any CPU = Release|Any CPU
	EndGlobalSection
	GlobalSection(ProjectConfigurationPlatforms) = postSolution
		{F92ABC85-52FE-48DB-8269-9BA74EC76D87}.Debug|Any CPU.ActiveCfg = Debug|Any CPU
		{F92ABC85-52FE-48DB-8269-9BA74EC76D87}.Debug|Any CPU.Build.0 = Debug|Any CPU
		{F92ABC85-52FE-48DB-8269-9BA74EC76D87}.Release|Any CPU.ActiveCfg = Release|Any CPU
		{F92ABC85-52FE-48DB-8269-9BA74EC76D87}.Release|Any CPU.Build.0 = Release|Any CPU
	EndGlobalSection
	GlobalSection(SolutionProperties) = preSolution
		HideSolutionNode = FALSE
	EndGlobalSection
	GlobalSection(ExtensibilityGlobals) = postSolution
		SolutionGuid = {563FEF40-F6E9-49CC-A47C-62C1A13E798B}
	EndGlobalSection
EndGlobal
